
Microsoft Visual Studio Solution File, Format Version 12.00
# Visual Studio 14
VisualStudioVersion = 14.0.25420.1
MinimumVisualStudioVersion = 10.0.40219.1
Project("{FAE04EC0-301F-11D3-BF4B-00C04F79EFBC}") = "EmptyWebSharperSharePointApp", "src\EmptyWebSharperSharePointApp\EmptyWebSharperSharePointApp.csproj", "{567621E4-2B18-4C87-A869-B37B23376502}"
EndProject
Project("{FAE04EC0-301F-11D3-BF4B-00C04F79EFBC}") = "EmptyWebSharperSharePointAppWeb", "src\EmptyWebSharperSharePointAppWeb\EmptyWebSharperSharePointAppWeb.csproj", "{43E6E128-920F-458B-83C0-AF3E405C346A}"
EndProject
Project("{F2A71F9B-5D33-465A-A702-920D77279786}") = "WebSharperApplication", "src\WebSharperApplication\WebSharperApplication.fsproj", "{32E7056E-E2B8-46A4-AE68-0F49A76BA47A}"
EndProject
Project("{FAE04EC0-301F-11D3-BF4B-00C04F79EFBC}") = "SharePointContext", "src\SharePointContext\SharePointContext.csproj", "{CBC3EE70-AB96-4463-A41F-AF38DABA0A50}"
EndProject
Project("{2150E333-8FDC-42A3-9474-1A3956D46DE8}") = "paket", "paket", "{24F3659B-2F29-4302-92B9-B5225F294AB4}"
	ProjectSection(SolutionItems) = preProject
		paket.dependencies = paket.dependencies
	EndProjectSection
EndProject
Project("{2150E333-8FDC-42A3-9474-1A3956D46DE8}") = "Solution Items", "Solution Items", "{D00914C1-A0E7-436F-A1D5-4C0B9DBEC85B}"
	ProjectSection(SolutionItems) = preProject
		appveyor.yml = appveyor.yml
		build.cmd = build.cmd
		build.fsx = build.fsx
	EndProjectSection
EndProject
Global
	GlobalSection(SolutionConfigurationPlatforms) = preSolution
		Debug|Any CPU = Debug|Any CPU
		Release|Any CPU = Release|Any CPU
	EndGlobalSection
	GlobalSection(ProjectConfigurationPlatforms) = postSolution
		{567621E4-2B18-4C87-A869-B37B23376502}.Debug|Any CPU.ActiveCfg = Debug|Any CPU
		{567621E4-2B18-4C87-A869-B37B23376502}.Debug|Any CPU.Build.0 = Debug|Any CPU
		{567621E4-2B18-4C87-A869-B37B23376502}.Debug|Any CPU.Deploy.0 = Debug|Any CPU
		{567621E4-2B18-4C87-A869-B37B23376502}.Release|Any CPU.ActiveCfg = Release|Any CPU
		{567621E4-2B18-4C87-A869-B37B23376502}.Release|Any CPU.Build.0 = Release|Any CPU
		{567621E4-2B18-4C87-A869-B37B23376502}.Release|Any CPU.Deploy.0 = Release|Any CPU
		{43E6E128-920F-458B-83C0-AF3E405C346A}.Debug|Any CPU.ActiveCfg = Debug|Any CPU
		{43E6E128-920F-458B-83C0-AF3E405C346A}.Debug|Any CPU.Build.0 = Debug|Any CPU
		{43E6E128-920F-458B-83C0-AF3E405C346A}.Release|Any CPU.ActiveCfg = Release|Any CPU
		{43E6E128-920F-458B-83C0-AF3E405C346A}.Release|Any CPU.Build.0 = Release|Any CPU
		{32E7056E-E2B8-46A4-AE68-0F49A76BA47A}.Debug|Any CPU.ActiveCfg = Debug|Any CPU
		{32E7056E-E2B8-46A4-AE68-0F49A76BA47A}.Debug|Any CPU.Build.0 = Debug|Any CPU
		{32E7056E-E2B8-46A4-AE68-0F49A76BA47A}.Release|Any CPU.ActiveCfg = Release|Any CPU
		{32E7056E-E2B8-46A4-AE68-0F49A76BA47A}.Release|Any CPU.Build.0 = Release|Any CPU
		{CBC3EE70-AB96-4463-A41F-AF38DABA0A50}.Debug|Any CPU.ActiveCfg = Debug|Any CPU
		{CBC3EE70-AB96-4463-A41F-AF38DABA0A50}.Debug|Any CPU.Build.0 = Debug|Any CPU
		{CBC3EE70-AB96-4463-A41F-AF38DABA0A50}.Release|Any CPU.ActiveCfg = Release|Any CPU
		{CBC3EE70-AB96-4463-A41F-AF38DABA0A50}.Release|Any CPU.Build.0 = Release|Any CPU
	EndGlobalSection
	GlobalSection(SolutionProperties) = preSolution
		HideSolutionNode = FALSE
	EndGlobalSection
EndGlobal
